
Microsoft Visual Studio Solution File, Format Version 12.00
# Visual Studio Version 16
VisualStudioVersion = 16.0.30413.136
MinimumVisualStudioVersion = 10.0.40219.1
Project("{FAE04EC0-301F-11D3-BF4B-00C04F79EFBC}") = "GreetingProgram", "GreetingProgram\GreetingProgram.csproj", "{E0CB3AD5-1641-46B0-BB73-EB74BC5ABA36}"
EndProject
Project("{FAE04EC0-301F-11D3-BF4B-00C04F79EFBC}") = "SumOfTwoNumbersProgram", "SumOfTwoNumbersProgram\SumOfTwoNumbersProgram.csproj", "{13632729-2D47-415F-84CA-6F0E07BA4C60}"
EndProject
Project("{FAE04EC0-301F-11D3-BF4B-00C04F79EFBC}") = "DivisionOfTwoNumbersProgram", "DivisionOfTwoNumbersProgram\DivisionOfTwoNumbersProgram.csproj", "{6781AF53-1869-422B-B9F4-830D95CE8505}"
EndProject
Project("{FAE04EC0-301F-11D3-BF4B-00C04F79EFBC}") = "MathematicOerationsProgram", "MathematicOerationsProgram\MathematicOerationsProgram.csproj", "{816C53CE-57EA-4B3D-B99E-41351F20113D}"
EndProject
Project("{FAE04EC0-301F-11D3-BF4B-00C04F79EFBC}") = "SwappingTwoNumbersProgram", "SwappingTwoNumbersProgram\SwappingTwoNumbersProgram.csproj", "{98DB3666-8B7A-428B-B093-C36FECCA6A0E}"
EndProject
Project("{FAE04EC0-301F-11D3-BF4B-00C04F79EFBC}") = "MultiplicationProgram", "MultiplicationProgram\MultiplicationProgram.csproj", "{56E4CBCB-85FE-475E-ABAC-DD1F66A0447E}"
EndProject
Project("{FAE04EC0-301F-11D3-BF4B-00C04F79EFBC}") = "OperationsWithTwoNumbers", "OperationsWithTwoNumbers\OperationsWithTwoNumbers.csproj", "{E951049A-C231-4921-9EE2-ACFF8278614F}"
EndProject
Global
	GlobalSection(SolutionConfigurationPlatforms) = preSolution
		Debug|Any CPU = Debug|Any CPU
		Release|Any CPU = Release|Any CPU
	EndGlobalSection
	GlobalSection(ProjectConfigurationPlatforms) = postSolution
		{E0CB3AD5-1641-46B0-BB73-EB74BC5ABA36}.Debug|Any CPU.ActiveCfg = Debug|Any CPU
		{E0CB3AD5-1641-46B0-BB73-EB74BC5ABA36}.Debug|Any CPU.Build.0 = Debug|Any CPU
		{E0CB3AD5-1641-46B0-BB73-EB74BC5ABA36}.Release|Any CPU.ActiveCfg = Release|Any CPU
		{E0CB3AD5-1641-46B0-BB73-EB74BC5ABA36}.Release|Any CPU.Build.0 = Release|Any CPU
		{13632729-2D47-415F-84CA-6F0E07BA4C60}.Debug|Any CPU.ActiveCfg = Debug|Any CPU
		{13632729-2D47-415F-84CA-6F0E07BA4C60}.Debug|Any CPU.Build.0 = Debug|Any CPU
		{13632729-2D47-415F-84CA-6F0E07BA4C60}.Release|Any CPU.ActiveCfg = Release|Any CPU
		{13632729-2D47-415F-84CA-6F0E07BA4C60}.Release|Any CPU.Build.0 = Release|Any CPU
		{6781AF53-1869-422B-B9F4-830D95CE8505}.Debug|Any CPU.ActiveCfg = Debug|Any CPU
		{6781AF53-1869-422B-B9F4-830D95CE8505}.Debug|Any CPU.Build.0 = Debug|Any CPU
		{6781AF53-1869-422B-B9F4-830D95CE8505}.Release|Any CPU.ActiveCfg = Release|Any CPU
		{6781AF53-1869-422B-B9F4-830D95CE8505}.Release|Any CPU.Build.0 = Release|Any CPU
		{816C53CE-57EA-4B3D-B99E-41351F20113D}.Debug|Any CPU.ActiveCfg = Debug|Any CPU
		{816C53CE-57EA-4B3D-B99E-41351F20113D}.Debug|Any CPU.Build.0 = Debug|Any CPU
		{816C53CE-57EA-4B3D-B99E-41351F20113D}.Release|Any CPU.ActiveCfg = Release|Any CPU
		{816C53CE-57EA-4B3D-B99E-41351F20113D}.Release|Any CPU.Build.0 = Release|Any CPU
		{98DB3666-8B7A-428B-B093-C36FECCA6A0E}.Debug|Any CPU.ActiveCfg = Debug|Any CPU
		{98DB3666-8B7A-428B-B093-C36FECCA6A0E}.Debug|Any CPU.Build.0 = Debug|Any CPU
		{98DB3666-8B7A-428B-B093-C36FECCA6A0E}.Release|Any CPU.ActiveCfg = Release|Any CPU
		{98DB3666-8B7A-428B-B093-C36FECCA6A0E}.Release|Any CPU.Build.0 = Release|Any CPU
		{56E4CBCB-85FE-475E-ABAC-DD1F66A0447E}.Debug|Any CPU.ActiveCfg = Debug|Any CPU
		{56E4CBCB-85FE-475E-ABAC-DD1F66A0447E}.Debug|Any CPU.Build.0 = Debug|Any CPU
		{56E4CBCB-85FE-475E-ABAC-DD1F66A0447E}.Release|Any CPU.ActiveCfg = Release|Any CPU
		{56E4CBCB-85FE-475E-ABAC-DD1F66A0447E}.Release|Any CPU.Build.0 = Release|Any CPU
		{E951049A-C231-4921-9EE2-ACFF8278614F}.Debug|Any CPU.ActiveCfg = Debug|Any CPU
		{E951049A-C231-4921-9EE2-ACFF8278614F}.Debug|Any CPU.Build.0 = Debug|Any CPU
		{E951049A-C231-4921-9EE2-ACFF8278614F}.Release|Any CPU.ActiveCfg = Release|Any CPU
		{E951049A-C231-4921-9EE2-ACFF8278614F}.Release|Any CPU.Build.0 = Release|Any CPU
	EndGlobalSection
	GlobalSection(SolutionProperties) = preSolution
		HideSolutionNode = FALSE
	EndGlobalSection
	GlobalSection(ExtensibilityGlobals) = postSolution
		SolutionGuid = {D4B5AF81-3B0E-4076-83B4-C6620C92BFFF}
	EndGlobalSection
EndGlobal
